
Microsoft Visual Studio Solution File, Format Version 12.00
# Visual Studio Version 17
VisualStudioVersion = 17.4.33006.217
MinimumVisualStudioVersion = 10.0.40219.1
Project("{FAE04EC0-301F-11D3-BF4B-00C04F79EFBC}") = "WebApi", "WebApi\WebApi.csproj", "{72900DA2-3985-4681-A037-7F65E26A2E93}"
EndProject
Project("{FAE04EC0-301F-11D3-BF4B-00C04F79EFBC}") = "WebApp", "WebApp\WebApp.csproj", "{4665FE6D-CE84-4AED-89CF-00A68E32C368}"
EndProject
Project("{E53339B2-1760-4266-BCC7-CA923CBCF16C}") = "docker-compose", "docker-compose.dcproj", "{40CF2FDA-13E4-439A-95E9-B337DC76F5D2}"
EndProject
Project("{2150E333-8FDC-42A3-9474-1A3956D46DE8}") = "jenkins", "jenkins", "{06A6E712-9061-43C7-B68B-4616FA579EFC}"
	ProjectSection(SolutionItems) = preProject
		JenkinsFile = JenkinsFile
	EndProjectSection
EndProject
Project("{2150E333-8FDC-42A3-9474-1A3956D46DE8}") = "explore-docker", "explore-docker", "{934F5414-E129-41D0-A5A3-3094661E7E61}"
	ProjectSection(SolutionItems) = preProject
		README.md = README.md
	EndProjectSection
EndProject
Project("{2150E333-8FDC-42A3-9474-1A3956D46DE8}") = "k8s", "k8s", "{DD990026-5B4C-4A54-B8EB-28F5628904FB}"
	ProjectSection(SolutionItems) = preProject
		k8s\create-service-acr-service-principal.sh = k8s\create-service-acr-service-principal.sh
		k8s\debug_dns.yml = k8s\debug_dns.yml
		k8s\deploy-webapi.yml = k8s\deploy-webapi.yml
		k8s\deploy-webapp.yml = k8s\deploy-webapp.yml
		k8s\deploy-webapp-service.yml = k8s\deploy-webapp-service.yml
		k8s\deploy-webapi-service.yml = k8s\deploy-webapi-service.yml
		k8s\deploy-webapp-service-ingress.yml = k8s\deploy-webapp-service-ingress.yml
	EndProjectSection
EndProject
Project("{2150E333-8FDC-42A3-9474-1A3956D46DE8}") = "docker-develop", "docker-develop", "{420DFBD3-09DE-48FD-B946-6CDE16B0E073}"
	ProjectSection(SolutionItems) = preProject
		WebApi\webapiDevelop.Dockerfile = WebApi\webapiDevelop.Dockerfile
		WebApp\webappDevelop.Dockerfile = WebApp\webappDevelop.Dockerfile
	EndProjectSection
EndProject
Project("{2150E333-8FDC-42A3-9474-1A3956D46DE8}") = "docker-release", "docker-release", "{888709DF-6D0C-42D2-9CEA-7758E1ECECD4}"
	ProjectSection(SolutionItems) = preProject
		WebApi\webapiRelease.Dockerfile = WebApi\webapiRelease.Dockerfile
		WebApp\webappRelease.Dockerfile = WebApp\webappRelease.Dockerfile
	EndProjectSection
EndProject
Project("{2150E333-8FDC-42A3-9474-1A3956D46DE8}") = "devops-automation", "devops-automation", "{8D0B5BAF-B979-4662-91AA-2CD20213280A}"
	ProjectSection(SolutionItems) = preProject
		devops\pushDockerImageToACR.ps1 = devops\pushDockerImageToACR.ps1
		devops\setK8sDeployEnvVariable.py = devops\setK8sDeployEnvVariable.py
		devops\removeK8sDeployEnvVariable.py = devops\removeK8sDeployEnvVariable.py
		devops\oneShootACRLoginFromK8s.ps1 = devops\oneShootACRLoginFromK8s.ps1
	EndProjectSection
EndProject
Project("{2150E333-8FDC-42A3-9474-1A3956D46DE8}") = "nuget", "nuget", "{9426C622-2926-44DB-A758-90B04CC26916}"
	ProjectSection(SolutionItems) = preProject
		NuGet.Config = NuGet.Config
	EndProjectSection
EndProject
Project("{2150E333-8FDC-42A3-9474-1A3956D46DE8}") = "docker-compose", "docker-compose", "{FA96B2E2-DEB4-4160-A72D-AA8C879EF7D3}"
	ProjectSection(SolutionItems) = preProject
		docker-compose.override.develop.yml = docker-compose.override.develop.yml
		docker-compose.override.release.yml = docker-compose.override.release.yml
	EndProjectSection
EndProject
Project("{2150E333-8FDC-42A3-9474-1A3956D46DE8}") = "terraform", "terraform", "{4C2BCE4A-6441-47AE-8005-7736D59F7D68}"
	ProjectSection(SolutionItems) = preProject
		terraform\main.tf = terraform\main.tf
		terraform\providers.tf = terraform\providers.tf
		terraform\config.json = terraform\config.json
		terraform\environment-dev.tfvars = terraform\environment-dev.tfvars
		terraform\.gitignore = terraform\.gitignore
	EndProjectSection
EndProject
Global
	GlobalSection(SolutionConfigurationPlatforms) = preSolution
		Debug|Any CPU = Debug|Any CPU
		Release|Any CPU = Release|Any CPU
	EndGlobalSection
	GlobalSection(ProjectConfigurationPlatforms) = postSolution
		{72900DA2-3985-4681-A037-7F65E26A2E93}.Debug|Any CPU.ActiveCfg = Debug|Any CPU
		{72900DA2-3985-4681-A037-7F65E26A2E93}.Debug|Any CPU.Build.0 = Debug|Any CPU
		{72900DA2-3985-4681-A037-7F65E26A2E93}.Release|Any CPU.ActiveCfg = Release|Any CPU
		{72900DA2-3985-4681-A037-7F65E26A2E93}.Release|Any CPU.Build.0 = Release|Any CPU
		{4665FE6D-CE84-4AED-89CF-00A68E32C368}.Debug|Any CPU.ActiveCfg = Debug|Any CPU
		{4665FE6D-CE84-4AED-89CF-00A68E32C368}.Debug|Any CPU.Build.0 = Debug|Any CPU
		{4665FE6D-CE84-4AED-89CF-00A68E32C368}.Release|Any CPU.ActiveCfg = Release|Any CPU
		{4665FE6D-CE84-4AED-89CF-00A68E32C368}.Release|Any CPU.Build.0 = Release|Any CPU
		{40CF2FDA-13E4-439A-95E9-B337DC76F5D2}.Debug|Any CPU.ActiveCfg = Debug|Any CPU
		{40CF2FDA-13E4-439A-95E9-B337DC76F5D2}.Debug|Any CPU.Build.0 = Debug|Any CPU
		{40CF2FDA-13E4-439A-95E9-B337DC76F5D2}.Release|Any CPU.ActiveCfg = Release|Any CPU
		{40CF2FDA-13E4-439A-95E9-B337DC76F5D2}.Release|Any CPU.Build.0 = Release|Any CPU
	EndGlobalSection
	GlobalSection(SolutionProperties) = preSolution
		HideSolutionNode = FALSE
	EndGlobalSection
	GlobalSection(ExtensibilityGlobals) = postSolution
		SolutionGuid = {953064EB-50A0-47E5-B859-F08DFABA23F5}
	EndGlobalSection
EndGlobal
